
Microsoft Visual Studio Solution File, Format Version 12.00
# Visual Studio 2013
VisualStudioVersion = 12.0.21005.1
MinimumVisualStudioVersion = 10.0.40219.1
Project("{FAE04EC0-301F-11D3-BF4B-00C04F79EFBC}") = "frMain", "frMain\frMain.csproj", "{D25E1CCE-5CA1-4641-AAF0-407967C07BE3}"
EndProject
Project("{FAE04EC0-301F-11D3-BF4B-00C04F79EFBC}") = "DataAccessObject", "DataAccessObject\DataAccessObject.csproj", "{C13CF314-1462-419A-82C1-58F673618A45}"
EndProject
Project("{FAE04EC0-301F-11D3-BF4B-00C04F79EFBC}") = "BUS", "BUS\BUS.csproj", "{DFC375F7-D6D4-4A03-84C6-380BE858B712}"
EndProject
Project("{FAE04EC0-301F-11D3-BF4B-00C04F79EFBC}") = "ConnectToDatabase", "ConnectToDatabase\ConnectToDatabase.csproj", "{B371F9A4-9801-4DCE-A54B-0DE5CEEF2CA2}"
EndProject
Project("{54435603-DBB4-11D2-8724-00A0C9A8B90C}") = "CaiDat", "CaiDat\CaiDat.vdproj", "{2ED7F8BE-9DEC-48A4-9A0F-12269B0F006E}"
EndProject
Project("{840C416C-B8F3-42BC-B0DD-F6BB14C9F8CB}") = "CaiDat_advinst", "CaiDat_advinst\CaiDat_advinst.aiproj", "{2128F83C-AADC-4D15-8FDF-CF87FFD785E0}"
	ProjectSection(ProjectDependencies) = postProject
		{C13CF314-1462-419A-82C1-58F673618A45} = {C13CF314-1462-419A-82C1-58F673618A45}
		{B371F9A4-9801-4DCE-A54B-0DE5CEEF2CA2} = {B371F9A4-9801-4DCE-A54B-0DE5CEEF2CA2}
		{D25E1CCE-5CA1-4641-AAF0-407967C07BE3} = {D25E1CCE-5CA1-4641-AAF0-407967C07BE3}
		{DFC375F7-D6D4-4A03-84C6-380BE858B712} = {DFC375F7-D6D4-4A03-84C6-380BE858B712}
	EndProjectSection
EndProject
Global
	GlobalSection(SolutionConfigurationPlatforms) = preSolution
		Debug|Any CPU = Debug|Any CPU
		Debug|ARM = Debug|ARM
		Debug|x64 = Debug|x64
		Debug|x86 = Debug|x86
		Release|Any CPU = Release|Any CPU
		Release|ARM = Release|ARM
		Release|x64 = Release|x64
		Release|x86 = Release|x86
	EndGlobalSection
	GlobalSection(ProjectConfigurationPlatforms) = postSolution
		{D25E1CCE-5CA1-4641-AAF0-407967C07BE3}.Debug|Any CPU.ActiveCfg = Debug|Any CPU
		{D25E1CCE-5CA1-4641-AAF0-407967C07BE3}.Debug|Any CPU.Build.0 = Debug|Any CPU
		{D25E1CCE-5CA1-4641-AAF0-407967C07BE3}.Debug|ARM.ActiveCfg = Debug|Any CPU
		{D25E1CCE-5CA1-4641-AAF0-407967C07BE3}.Debug|x64.ActiveCfg = Debug|Any CPU
		{D25E1CCE-5CA1-4641-AAF0-407967C07BE3}.Debug|x86.ActiveCfg = Debug|Any CPU
		{D25E1CCE-5CA1-4641-AAF0-407967C07BE3}.Release|Any CPU.ActiveCfg = Release|Any CPU
		{D25E1CCE-5CA1-4641-AAF0-407967C07BE3}.Release|Any CPU.Build.0 = Release|Any CPU
		{D25E1CCE-5CA1-4641-AAF0-407967C07BE3}.Release|ARM.ActiveCfg = Release|Any CPU
		{D25E1CCE-5CA1-4641-AAF0-407967C07BE3}.Release|x64.ActiveCfg = Release|Any CPU
		{D25E1CCE-5CA1-4641-AAF0-407967C07BE3}.Release|x86.ActiveCfg = Release|Any CPU
		{C13CF314-1462-419A-82C1-58F673618A45}.Debug|Any CPU.ActiveCfg = Debug|Any CPU
		{C13CF314-1462-419A-82C1-58F673618A45}.Debug|Any CPU.Build.0 = Debug|Any CPU
		{C13CF314-1462-419A-82C1-58F673618A45}.Debug|ARM.ActiveCfg = Debug|Any CPU
		{C13CF314-1462-419A-82C1-58F673618A45}.Debug|x64.ActiveCfg = Debug|Any CPU
		{C13CF314-1462-419A-82C1-58F673618A45}.Debug|x86.ActiveCfg = Debug|Any CPU
		{C13CF314-1462-419A-82C1-58F673618A45}.Release|Any CPU.ActiveCfg = Release|Any CPU
		{C13CF314-1462-419A-82C1-58F673618A45}.Release|Any CPU.Build.0 = Release|Any CPU
		{C13CF314-1462-419A-82C1-58F673618A45}.Release|ARM.ActiveCfg = Release|Any CPU
		{C13CF314-1462-419A-82C1-58F673618A45}.Release|x64.ActiveCfg = Release|Any CPU
		{C13CF314-1462-419A-82C1-58F673618A45}.Release|x86.ActiveCfg = Release|Any CPU
		{DFC375F7-D6D4-4A03-84C6-380BE858B712}.Debug|Any CPU.ActiveCfg = Debug|Any CPU
		{DFC375F7-D6D4-4A03-84C6-380BE858B712}.Debug|Any CPU.Build.0 = Debug|Any CPU
		{DFC375F7-D6D4-4A03-84C6-380BE858B712}.Debug|ARM.ActiveCfg = Debug|Any CPU
		{DFC375F7-D6D4-4A03-84C6-380BE858B712}.Debug|x64.ActiveCfg = Debug|Any CPU
		{DFC375F7-D6D4-4A03-84C6-380BE858B712}.Debug|x86.ActiveCfg = Debug|Any CPU
		{DFC375F7-D6D4-4A03-84C6-380BE858B712}.Release|Any CPU.ActiveCfg = Release|Any CPU
		{DFC375F7-D6D4-4A03-84C6-380BE858B712}.Release|Any CPU.Build.0 = Release|Any CPU
		{DFC375F7-D6D4-4A03-84C6-380BE858B712}.Release|ARM.ActiveCfg = Release|Any CPU
		{DFC375F7-D6D4-4A03-84C6-380BE858B712}.Release|x64.ActiveCfg = Release|Any CPU
		{DFC375F7-D6D4-4A03-84C6-380BE858B712}.Release|x86.ActiveCfg = Release|Any CPU
		{B371F9A4-9801-4DCE-A54B-0DE5CEEF2CA2}.Debug|Any CPU.ActiveCfg = Debug|Any CPU
		{B371F9A4-9801-4DCE-A54B-0DE5CEEF2CA2}.Debug|Any CPU.Build.0 = Debug|Any CPU
		{B371F9A4-9801-4DCE-A54B-0DE5CEEF2CA2}.Debug|ARM.ActiveCfg = Debug|Any CPU
		{B371F9A4-9801-4DCE-A54B-0DE5CEEF2CA2}.Debug|x64.ActiveCfg = Debug|Any CPU
		{B371F9A4-9801-4DCE-A54B-0DE5CEEF2CA2}.Debug|x86.ActiveCfg = Debug|Any CPU
		{B371F9A4-9801-4DCE-A54B-0DE5CEEF2CA2}.Release|Any CPU.ActiveCfg = Release|Any CPU
		{B371F9A4-9801-4DCE-A54B-0DE5CEEF2CA2}.Release|Any CPU.Build.0 = Release|Any CPU
		{B371F9A4-9801-4DCE-A54B-0DE5CEEF2CA2}.Release|ARM.ActiveCfg = Release|Any CPU
		{B371F9A4-9801-4DCE-A54B-0DE5CEEF2CA2}.Release|x64.ActiveCfg = Release|Any CPU
		{B371F9A4-9801-4DCE-A54B-0DE5CEEF2CA2}.Release|x86.ActiveCfg = Release|Any CPU
		{2ED7F8BE-9DEC-48A4-9A0F-12269B0F006E}.Debug|Any CPU.ActiveCfg = Debug
		{2ED7F8BE-9DEC-48A4-9A0F-12269B0F006E}.Debug|ARM.ActiveCfg = Debug
		{2ED7F8BE-9DEC-48A4-9A0F-12269B0F006E}.Debug|x64.ActiveCfg = Debug
		{2ED7F8BE-9DEC-48A4-9A0F-12269B0F006E}.Debug|x86.ActiveCfg = Debug
		{2ED7F8BE-9DEC-48A4-9A0F-12269B0F006E}.Release|Any CPU.ActiveCfg = Release
		{2ED7F8BE-9DEC-48A4-9A0F-12269B0F006E}.Release|ARM.ActiveCfg = Release
		{2ED7F8BE-9DEC-48A4-9A0F-12269B0F006E}.Release|x64.ActiveCfg = Release
		{2ED7F8BE-9DEC-48A4-9A0F-12269B0F006E}.Release|x86.ActiveCfg = Release
		{2128F83C-AADC-4D15-8FDF-CF87FFD785E0}.Debug|Any CPU.ActiveCfg = All
		{2128F83C-AADC-4D15-8FDF-CF87FFD785E0}.Debug|Any CPU.Build.0 = All
		{2128F83C-AADC-4D15-8FDF-CF87FFD785E0}.Debug|ARM.ActiveCfg = All
		{2128F83C-AADC-4D15-8FDF-CF87FFD785E0}.Debug|ARM.Build.0 = All
		{2128F83C-AADC-4D15-8FDF-CF87FFD785E0}.Debug|x64.ActiveCfg = All
		{2128F83C-AADC-4D15-8FDF-CF87FFD785E0}.Debug|x64.Build.0 = All
		{2128F83C-AADC-4D15-8FDF-CF87FFD785E0}.Debug|x86.ActiveCfg = All
		{2128F83C-AADC-4D15-8FDF-CF87FFD785E0}.Debug|x86.Build.0 = All
		{2128F83C-AADC-4D15-8FDF-CF87FFD785E0}.Release|Any CPU.ActiveCfg = All
		{2128F83C-AADC-4D15-8FDF-CF87FFD785E0}.Release|Any CPU.Build.0 = All
		{2128F83C-AADC-4D15-8FDF-CF87FFD785E0}.Release|ARM.ActiveCfg = All
		{2128F83C-AADC-4D15-8FDF-CF87FFD785E0}.Release|ARM.Build.0 = All
		{2128F83C-AADC-4D15-8FDF-CF87FFD785E0}.Release|x64.ActiveCfg = All
		{2128F83C-AADC-4D15-8FDF-CF87FFD785E0}.Release|x64.Build.0 = All
		{2128F83C-AADC-4D15-8FDF-CF87FFD785E0}.Release|x86.ActiveCfg = All
		{2128F83C-AADC-4D15-8FDF-CF87FFD785E0}.Release|x86.Build.0 = All
	EndGlobalSection
	GlobalSection(SolutionProperties) = preSolution
		HideSolutionNode = FALSE
	EndGlobalSection
EndGlobal
